
Microsoft Visual Studio Solution File, Format Version 12.00
# Visual Studio 15
VisualStudioVersion = 15.0.26020.0
MinimumVisualStudioVersion = 10.0.40219.1
Project("{FAE04EC0-301F-11D3-BF4B-00C04F79EFBC}") = "admin", "admin\admin.csproj", "{40120FA7-D020-4621-918E-CF20844A28DA}"
EndProject
Project("{2150E333-8FDC-42A3-9474-1A3956D46DE8}") = "Solution Items", "Solution Items", "{13003FA0-0CAC-45B6-BFBC-2D761AAB6DE3}"
	ProjectSection(SolutionItems) = preProject
		NuGet.config = NuGet.config
	EndProjectSection
EndProject
Global
	GlobalSection(SolutionConfigurationPlatforms) = preSolution
		Debug|Any CPU = Debug|Any CPU
		Release|Any CPU = Release|Any CPU
	EndGlobalSection
	GlobalSection(ProjectConfigurationPlatforms) = postSolution
		{40120FA7-D020-4621-918E-CF20844A28DA}.Debug|Any CPU.ActiveCfg = Debug|Any CPU
		{40120FA7-D020-4621-918E-CF20844A28DA}.Debug|Any CPU.Build.0 = Debug|Any CPU
		{40120FA7-D020-4621-918E-CF20844A28DA}.Release|Any CPU.ActiveCfg = Release|Any CPU
		{40120FA7-D020-4621-918E-CF20844A28DA}.Release|Any CPU.Build.0 = Release|Any CPU
	EndGlobalSection
	GlobalSection(SolutionProperties) = preSolution
		HideSolutionNode = FALSE
	EndGlobalSection
EndGlobal
